// !$*UTF8*$!
{
	archiveVersion = 1;
	classes = {
	};
	objectVersion = 46;
	objects = {

/* Begin PBXBuildFile section */
		56F4AF1C1C125EE4008A6828 /* YWLoginViewController.m in Sources */ = {isa = PBXBuildFile; fileRef = 56F4AF1B1C125EE4008A6828 /* YWLoginViewController.m */; };
		56F4AF1F1C12653F008A6828 /* YWRegisterViewController.m in Sources */ = {isa = PBXBuildFile; fileRef = 56F4AF1E1C12653F008A6828 /* YWRegisterViewController.m */; };
		56F4AF221C126550008A6828 /* YWForgetPasswordViewController.m in Sources */ = {isa = PBXBuildFile; fileRef = 56F4AF211C126550008A6828 /* YWForgetPasswordViewController.m */; };
		56F4AF251C1279A1008A6828 /* NSString+isValidate.m in Sources */ = {isa = PBXBuildFile; fileRef = 56F4AF241C1279A1008A6828 /* NSString+isValidate.m */; };
		56FE99CB1C0FBAB8007BA29B /* main.m in Sources */ = {isa = PBXBuildFile; fileRef = 56FE99CA1C0FBAB8007BA29B /* main.m */; };
		56FE99CE1C0FBAB8007BA29B /* AppDelegate.m in Sources */ = {isa = PBXBuildFile; fileRef = 56FE99CD1C0FBAB8007BA29B /* AppDelegate.m */; };
		56FE99D61C0FBAB8007BA29B /* Assets.xcassets in Resources */ = {isa = PBXBuildFile; fileRef = 56FE99D51C0FBAB8007BA29B /* Assets.xcassets */; };
		56FE99D91C0FBAB8007BA29B /* LaunchScreen.storyboard in Resources */ = {isa = PBXBuildFile; fileRef = 56FE99D71C0FBAB8007BA29B /* LaunchScreen.storyboard */; };
		56FE99E41C0FBAB8007BA29B /* ShowOnTests.m in Sources */ = {isa = PBXBuildFile; fileRef = 56FE99E31C0FBAB8007BA29B /* ShowOnTests.m */; };
		56FE99EF1C0FBAB8007BA29B /* ShowOnUITests.m in Sources */ = {isa = PBXBuildFile; fileRef = 56FE99EE1C0FBAB8007BA29B /* ShowOnUITests.m */; };
		56FE9A0A1C0FBB86007BA29B /* YWHomeViewController.m in Sources */ = {isa = PBXBuildFile; fileRef = 56FE9A091C0FBB86007BA29B /* YWHomeViewController.m */; };
		56FE9A0D1C0FBB95007BA29B /* YWMovieViewController.m in Sources */ = {isa = PBXBuildFile; fileRef = 56FE9A0C1C0FBB95007BA29B /* YWMovieViewController.m */; };
		56FE9A101C0FBBA3007BA29B /* YWMineViewController.m in Sources */ = {isa = PBXBuildFile; fileRef = 56FE9A0F1C0FBBA3007BA29B /* YWMineViewController.m */; };
		56FE9A131C0FBCF2007BA29B /* YWNavigationController.m in Sources */ = {isa = PBXBuildFile; fileRef = 56FE9A121C0FBCF2007BA29B /* YWNavigationController.m */; };
		56FE9A191C0FC234007BA29B /* YWTemplateViewController.m in Sources */ = {isa = PBXBuildFile; fileRef = 56FE9A181C0FC234007BA29B /* YWTemplateViewController.m */; };
		56FE9A1C1C0FC242007BA29B /* YWFocusViewController.m in Sources */ = {isa = PBXBuildFile; fileRef = 56FE9A1B1C0FC242007BA29B /* YWFocusViewController.m */; };
		56FE9A1F1C0FC24D007BA29B /* YWHotViewController.m in Sources */ = {isa = PBXBuildFile; fileRef = 56FE9A1E1C0FC24D007BA29B /* YWHotViewController.m */; };
		56FE9A221C0FC2A2007BA29B /* YWCustomSegView.m in Sources */ = {isa = PBXBuildFile; fileRef = 56FE9A211C0FC2A2007BA29B /* YWCustomSegView.m */; };
		770EC2B81C10772600A4D2E9 /* YWHotCollectionViewCell.m in Sources */ = {isa = PBXBuildFile; fileRef = 770EC2B71C10772600A4D2E9 /* YWHotCollectionViewCell.m */; };
		770EC2BE1C1078EC00A4D2E9 /* YWTemplateCollectionViewCell.m in Sources */ = {isa = PBXBuildFile; fileRef = 770EC2BD1C1078EC00A4D2E9 /* YWTemplateCollectionViewCell.m */; };
		770EC2C11C10790000A4D2E9 /* YWFocusTableViewCell.m in Sources */ = {isa = PBXBuildFile; fileRef = 770EC2C01C10790000A4D2E9 /* YWFocusTableViewCell.m */; };
		770EC2C41C107AC600A4D2E9 /* YWBaseViewController.m in Sources */ = {isa = PBXBuildFile; fileRef = 770EC2C31C107AC600A4D2E9 /* YWBaseViewController.m */; };
		770EC2C71C1088E100A4D2E9 /* YWSearchCollectionReusableView.m in Sources */ = {isa = PBXBuildFile; fileRef = 770EC2C61C1088E100A4D2E9 /* YWSearchCollectionReusableView.m */; };
		770EC2CB1C108E2D00A4D2E9 /* YWMineTableHeadView.m in Sources */ = {isa = PBXBuildFile; fileRef = 770EC2CA1C108E2D00A4D2E9 /* YWMineTableHeadView.m */; };
		770EC2CE1C109FE500A4D2E9 /* YWUserModel.m in Sources */ = {isa = PBXBuildFile; fileRef = 770EC2CD1C109FE500A4D2E9 /* YWUserModel.m */; };
		77D0F0391C110A7A00134A17 /* YWTrendsViewController.m in Sources */ = {isa = PBXBuildFile; fileRef = 77D0F0381C110A7A00134A17 /* YWTrendsViewController.m */; };
		77D0F03C1C110B3300134A17 /* YWFollowingViewController.m in Sources */ = {isa = PBXBuildFile; fileRef = 77D0F03B1C110B3300134A17 /* YWFollowingViewController.m */; };
		77D0F0411C110BA600134A17 /* YWFollowingTableViewCell.m in Sources */ = {isa = PBXBuildFile; fileRef = 77D0F0401C110BA600134A17 /* YWFollowingTableViewCell.m */; };
		77D0F0C51C11B4F300134A17 /* YWCollectionViewController.m in Sources */ = {isa = PBXBuildFile; fileRef = 77D0F0C41C11B4F300134A17 /* YWCollectionViewController.m */; };
		77D0F0CA1C11C19C00134A17 /* YWTrendsTableViewCell.m in Sources */ = {isa = PBXBuildFile; fileRef = 77D0F0C91C11C19C00134A17 /* YWTrendsTableViewCell.m */; };
		77D0F0CD1C11C1B200134A17 /* YWCollectionTableViewCell.m in Sources */ = {isa = PBXBuildFile; fileRef = 77D0F0CC1C11C1B200134A17 /* YWCollectionTableViewCell.m */; };
		77D0F0D61C11C39300134A17 /* YWATMeViewController.m in Sources */ = {isa = PBXBuildFile; fileRef = 77D0F0D51C11C39300134A17 /* YWATMeViewController.m */; };
		77D0F0D91C11C3AA00134A17 /* YWCommentViewController.m in Sources */ = {isa = PBXBuildFile; fileRef = 77D0F0D81C11C3AA00134A17 /* YWCommentViewController.m */; };
		77D0F0DC1C11C3C000134A17 /* YWSupportViewController.m in Sources */ = {isa = PBXBuildFile; fileRef = 77D0F0DB1C11C3C000134A17 /* YWSupportViewController.m */; };
		77D0F0DF1C11C3CE00134A17 /* YWMessageViewController.m in Sources */ = {isa = PBXBuildFile; fileRef = 77D0F0DE1C11C3CE00134A17 /* YWMessageViewController.m */; };
		77D0F0E21C11C3E400134A17 /* YWExperienceViewController.m in Sources */ = {isa = PBXBuildFile; fileRef = 77D0F0E11C11C3E400134A17 /* YWExperienceViewController.m */; };
		77D0F0E51C11C41F00134A17 /* YWDraftViewController.m in Sources */ = {isa = PBXBuildFile; fileRef = 77D0F0E41C11C41F00134A17 /* YWDraftViewController.m */; };
		77D0F0EE1C11C50A00134A17 /* YWATMeTableViewCell.m in Sources */ = {isa = PBXBuildFile; fileRef = 77D0F0ED1C11C50A00134A17 /* YWATMeTableViewCell.m */; };
		77D0F0F11C11C52000134A17 /* YWCommentTableViewCell.m in Sources */ = {isa = PBXBuildFile; fileRef = 77D0F0F01C11C52000134A17 /* YWCommentTableViewCell.m */; };
		77D0F0F41C11C53700134A17 /* YWSupportTableViewCell.m in Sources */ = {isa = PBXBuildFile; fileRef = 77D0F0F31C11C53700134A17 /* YWSupportTableViewCell.m */; };
		77D0F0F71C11C55600134A17 /* YWDraftCollectionViewCell.m in Sources */ = {isa = PBXBuildFile; fileRef = 77D0F0F61C11C55600134A17 /* YWDraftCollectionViewCell.m */; };
		77D0F0FA1C11C6D500134A17 /* YWExperienceTableViewCell.m in Sources */ = {isa = PBXBuildFile; fileRef = 77D0F0F91C11C6D500134A17 /* YWExperienceTableViewCell.m */; };
		77D0F0FD1C11C8D700134A17 /* YWChatRoomViewComtroller.m in Sources */ = {isa = PBXBuildFile; fileRef = 77D0F0FC1C11C8D700134A17 /* YWChatRoomViewComtroller.m */; };
		77D0F1011C11CABB00134A17 /* YWHttpManager.m in Sources */ = {isa = PBXBuildFile; fileRef = 77D0F1001C11CABB00134A17 /* YWHttpManager.m */; };
		77D0F1041C11CAC900134A17 /* YWParser.m in Sources */ = {isa = PBXBuildFile; fileRef = 77D0F1031C11CAC900134A17 /* YWParser.m */; };
		77D0F1091C11CEFB00134A17 /* YWSettingViewController.m in Sources */ = {isa = PBXBuildFile; fileRef = 77D0F1081C11CEFB00134A17 /* YWSettingViewController.m */; };
		77D0F10C1C11DC4B00134A17 /* YWHotDetailViewController.m in Sources */ = {isa = PBXBuildFile; fileRef = 77D0F10B1C11DC4B00134A17 /* YWHotDetailViewController.m */; };
		77D0F10F1C11E5B000134A17 /* YWTranscribeViewController.m in Sources */ = {isa = PBXBuildFile; fileRef = 77D0F10E1C11E5B000134A17 /* YWTranscribeViewController.m */; };
		CE3B21BB20DA61FA1F44DBA0 /* libPods.a in Frameworks */ = {isa = PBXBuildFile; fileRef = 1FBD5358C72CBD7E36FE23EC /* libPods.a */; };
/* End PBXBuildFile section */

/* Begin PBXContainerItemProxy section */
		56FE99E01C0FBAB8007BA29B /* PBXContainerItemProxy */ = {
			isa = PBXContainerItemProxy;
			containerPortal = 56FE99BE1C0FBAB8007BA29B /* Project object */;
			proxyType = 1;
			remoteGlobalIDString = 56FE99C51C0FBAB8007BA29B;
			remoteInfo = ShowOn;
		};
		56FE99EB1C0FBAB8007BA29B /* PBXContainerItemProxy */ = {
			isa = PBXContainerItemProxy;
			containerPortal = 56FE99BE1C0FBAB8007BA29B /* Project object */;
			proxyType = 1;
			remoteGlobalIDString = 56FE99C51C0FBAB8007BA29B;
			remoteInfo = ShowOn;
		};
/* End PBXContainerItemProxy section */

/* Begin PBXFileReference section */
		1FBD5358C72CBD7E36FE23EC /* libPods.a */ = {isa = PBXFileReference; explicitFileType = archive.ar; includeInIndex = 0; path = libPods.a; sourceTree = BUILT_PRODUCTS_DIR; };
		28C9BEA80C5B71E2D4466F42 /* Pods.debug.xcconfig */ = {isa = PBXFileReference; includeInIndex = 1; lastKnownFileType = text.xcconfig; name = Pods.debug.xcconfig; path = "Pods/Target Support Files/Pods/Pods.debug.xcconfig"; sourceTree = "<group>"; };
		56F4AF1A1C125EE4008A6828 /* YWLoginViewController.h */ = {isa = PBXFileReference; fileEncoding = 4; lastKnownFileType = sourcecode.c.h; path = YWLoginViewController.h; sourceTree = "<group>"; };
		56F4AF1B1C125EE4008A6828 /* YWLoginViewController.m */ = {isa = PBXFileReference; fileEncoding = 4; lastKnownFileType = sourcecode.c.objc; path = YWLoginViewController.m; sourceTree = "<group>"; };
		56F4AF1D1C12653F008A6828 /* YWRegisterViewController.h */ = {isa = PBXFileReference; fileEncoding = 4; lastKnownFileType = sourcecode.c.h; path = YWRegisterViewController.h; sourceTree = "<group>"; };
		56F4AF1E1C12653F008A6828 /* YWRegisterViewController.m */ = {isa = PBXFileReference; fileEncoding = 4; lastKnownFileType = sourcecode.c.objc; path = YWRegisterViewController.m; sourceTree = "<group>"; };
		56F4AF201C126550008A6828 /* YWForgetPasswordViewController.h */ = {isa = PBXFileReference; fileEncoding = 4; lastKnownFileType = sourcecode.c.h; path = YWForgetPasswordViewController.h; sourceTree = "<group>"; };
		56F4AF211C126550008A6828 /* YWForgetPasswordViewController.m */ = {isa = PBXFileReference; fileEncoding = 4; lastKnownFileType = sourcecode.c.objc; path = YWForgetPasswordViewController.m; sourceTree = "<group>"; };
		56F4AF231C1279A1008A6828 /* NSString+isValidate.h */ = {isa = PBXFileReference; fileEncoding = 4; lastKnownFileType = sourcecode.c.h; path = "NSString+isValidate.h"; sourceTree = "<group>"; };
		56F4AF241C1279A1008A6828 /* NSString+isValidate.m */ = {isa = PBXFileReference; fileEncoding = 4; lastKnownFileType = sourcecode.c.objc; path = "NSString+isValidate.m"; sourceTree = "<group>"; };
		56FE99C61C0FBAB8007BA29B /* ShowOn.app */ = {isa = PBXFileReference; explicitFileType = wrapper.application; includeInIndex = 0; path = ShowOn.app; sourceTree = BUILT_PRODUCTS_DIR; };
		56FE99CA1C0FBAB8007BA29B /* main.m */ = {isa = PBXFileReference; lastKnownFileType = sourcecode.c.objc; path = main.m; sourceTree = "<group>"; };
		56FE99CC1C0FBAB8007BA29B /* AppDelegate.h */ = {isa = PBXFileReference; lastKnownFileType = sourcecode.c.h; path = AppDelegate.h; sourceTree = "<group>"; };
		56FE99CD1C0FBAB8007BA29B /* AppDelegate.m */ = {isa = PBXFileReference; lastKnownFileType = sourcecode.c.objc; path = AppDelegate.m; sourceTree = "<group>"; };
		56FE99D51C0FBAB8007BA29B /* Assets.xcassets */ = {isa = PBXFileReference; lastKnownFileType = folder.assetcatalog; path = Assets.xcassets; sourceTree = "<group>"; };
		56FE99D81C0FBAB8007BA29B /* Base */ = {isa = PBXFileReference; lastKnownFileType = file.storyboard; name = Base; path = Base.lproj/LaunchScreen.storyboard; sourceTree = "<group>"; };
		56FE99DA1C0FBAB8007BA29B /* Info.plist */ = {isa = PBXFileReference; lastKnownFileType = text.plist.xml; path = Info.plist; sourceTree = "<group>"; };
		56FE99DF1C0FBAB8007BA29B /* ShowOnTests.xctest */ = {isa = PBXFileReference; explicitFileType = wrapper.cfbundle; includeInIndex = 0; path = ShowOnTests.xctest; sourceTree = BUILT_PRODUCTS_DIR; };
		56FE99E31C0FBAB8007BA29B /* ShowOnTests.m */ = {isa = PBXFileReference; lastKnownFileType = sourcecode.c.objc; path = ShowOnTests.m; sourceTree = "<group>"; };
		56FE99E51C0FBAB8007BA29B /* Info.plist */ = {isa = PBXFileReference; lastKnownFileType = text.plist.xml; path = Info.plist; sourceTree = "<group>"; };
		56FE99EA1C0FBAB8007BA29B /* ShowOnUITests.xctest */ = {isa = PBXFileReference; explicitFileType = wrapper.cfbundle; includeInIndex = 0; path = ShowOnUITests.xctest; sourceTree = BUILT_PRODUCTS_DIR; };
		56FE99EE1C0FBAB8007BA29B /* ShowOnUITests.m */ = {isa = PBXFileReference; lastKnownFileType = sourcecode.c.objc; path = ShowOnUITests.m; sourceTree = "<group>"; };
		56FE99F01C0FBAB8007BA29B /* Info.plist */ = {isa = PBXFileReference; lastKnownFileType = text.plist.xml; path = Info.plist; sourceTree = "<group>"; };
		56FE9A081C0FBB86007BA29B /* YWHomeViewController.h */ = {isa = PBXFileReference; fileEncoding = 4; lastKnownFileType = sourcecode.c.h; path = YWHomeViewController.h; sourceTree = "<group>"; };
		56FE9A091C0FBB86007BA29B /* YWHomeViewController.m */ = {isa = PBXFileReference; fileEncoding = 4; lastKnownFileType = sourcecode.c.objc; path = YWHomeViewController.m; sourceTree = "<group>"; };
		56FE9A0B1C0FBB95007BA29B /* YWMovieViewController.h */ = {isa = PBXFileReference; fileEncoding = 4; lastKnownFileType = sourcecode.c.h; path = YWMovieViewController.h; sourceTree = "<group>"; };
		56FE9A0C1C0FBB95007BA29B /* YWMovieViewController.m */ = {isa = PBXFileReference; fileEncoding = 4; lastKnownFileType = sourcecode.c.objc; path = YWMovieViewController.m; sourceTree = "<group>"; };
		56FE9A0E1C0FBBA3007BA29B /* YWMineViewController.h */ = {isa = PBXFileReference; fileEncoding = 4; lastKnownFileType = sourcecode.c.h; path = YWMineViewController.h; sourceTree = "<group>"; };
		56FE9A0F1C0FBBA3007BA29B /* YWMineViewController.m */ = {isa = PBXFileReference; fileEncoding = 4; lastKnownFileType = sourcecode.c.objc; path = YWMineViewController.m; sourceTree = "<group>"; };
		56FE9A111C0FBCF2007BA29B /* YWNavigationController.h */ = {isa = PBXFileReference; fileEncoding = 4; lastKnownFileType = sourcecode.c.h; path = YWNavigationController.h; sourceTree = "<group>"; };
		56FE9A121C0FBCF2007BA29B /* YWNavigationController.m */ = {isa = PBXFileReference; fileEncoding = 4; lastKnownFileType = sourcecode.c.objc; path = YWNavigationController.m; sourceTree = "<group>"; };
		56FE9A171C0FC234007BA29B /* YWTemplateViewController.h */ = {isa = PBXFileReference; fileEncoding = 4; lastKnownFileType = sourcecode.c.h; path = YWTemplateViewController.h; sourceTree = "<group>"; };
		56FE9A181C0FC234007BA29B /* YWTemplateViewController.m */ = {isa = PBXFileReference; fileEncoding = 4; lastKnownFileType = sourcecode.c.objc; path = YWTemplateViewController.m; sourceTree = "<group>"; };
		56FE9A1A1C0FC242007BA29B /* YWFocusViewController.h */ = {isa = PBXFileReference; fileEncoding = 4; lastKnownFileType = sourcecode.c.h; path = YWFocusViewController.h; sourceTree = "<group>"; };
		56FE9A1B1C0FC242007BA29B /* YWFocusViewController.m */ = {isa = PBXFileReference; fileEncoding = 4; lastKnownFileType = sourcecode.c.objc; path = YWFocusViewController.m; sourceTree = "<group>"; };
		56FE9A1D1C0FC24D007BA29B /* YWHotViewController.h */ = {isa = PBXFileReference; fileEncoding = 4; lastKnownFileType = sourcecode.c.h; path = YWHotViewController.h; sourceTree = "<group>"; };
		56FE9A1E1C0FC24D007BA29B /* YWHotViewController.m */ = {isa = PBXFileReference; fileEncoding = 4; lastKnownFileType = sourcecode.c.objc; path = YWHotViewController.m; sourceTree = "<group>"; };
		56FE9A201C0FC2A2007BA29B /* YWCustomSegView.h */ = {isa = PBXFileReference; fileEncoding = 4; lastKnownFileType = sourcecode.c.h; path = YWCustomSegView.h; sourceTree = "<group>"; };
		56FE9A211C0FC2A2007BA29B /* YWCustomSegView.m */ = {isa = PBXFileReference; fileEncoding = 4; lastKnownFileType = sourcecode.c.objc; path = YWCustomSegView.m; sourceTree = "<group>"; };
		56FE9A241C0FCA4D007BA29B /* Header.h */ = {isa = PBXFileReference; lastKnownFileType = sourcecode.c.h; path = Header.h; sourceTree = "<group>"; };
		770EC2B61C10772600A4D2E9 /* YWHotCollectionViewCell.h */ = {isa = PBXFileReference; fileEncoding = 4; lastKnownFileType = sourcecode.c.h; path = YWHotCollectionViewCell.h; sourceTree = "<group>"; };
		770EC2B71C10772600A4D2E9 /* YWHotCollectionViewCell.m */ = {isa = PBXFileReference; fileEncoding = 4; lastKnownFileType = sourcecode.c.objc; path = YWHotCollectionViewCell.m; sourceTree = "<group>"; };
		770EC2BC1C1078EC00A4D2E9 /* YWTemplateCollectionViewCell.h */ = {isa = PBXFileReference; fileEncoding = 4; lastKnownFileType = sourcecode.c.h; path = YWTemplateCollectionViewCell.h; sourceTree = "<group>"; };
		770EC2BD1C1078EC00A4D2E9 /* YWTemplateCollectionViewCell.m */ = {isa = PBXFileReference; fileEncoding = 4; lastKnownFileType = sourcecode.c.objc; path = YWTemplateCollectionViewCell.m; sourceTree = "<group>"; };
		770EC2BF1C10790000A4D2E9 /* YWFocusTableViewCell.h */ = {isa = PBXFileReference; fileEncoding = 4; lastKnownFileType = sourcecode.c.h; path = YWFocusTableViewCell.h; sourceTree = "<group>"; };
		770EC2C01C10790000A4D2E9 /* YWFocusTableViewCell.m */ = {isa = PBXFileReference; fileEncoding = 4; lastKnownFileType = sourcecode.c.objc; path = YWFocusTableViewCell.m; sourceTree = "<group>"; };
		770EC2C21C107AC600A4D2E9 /* YWBaseViewController.h */ = {isa = PBXFileReference; fileEncoding = 4; lastKnownFileType = sourcecode.c.h; path = YWBaseViewController.h; sourceTree = "<group>"; };
		770EC2C31C107AC600A4D2E9 /* YWBaseViewController.m */ = {isa = PBXFileReference; fileEncoding = 4; lastKnownFileType = sourcecode.c.objc; path = YWBaseViewController.m; sourceTree = "<group>"; };
		770EC2C51C1088E100A4D2E9 /* YWSearchCollectionReusableView.h */ = {isa = PBXFileReference; fileEncoding = 4; lastKnownFileType = sourcecode.c.h; path = YWSearchCollectionReusableView.h; sourceTree = "<group>"; };
		770EC2C61C1088E100A4D2E9 /* YWSearchCollectionReusableView.m */ = {isa = PBXFileReference; fileEncoding = 4; lastKnownFileType = sourcecode.c.objc; path = YWSearchCollectionReusableView.m; sourceTree = "<group>"; };
		770EC2C91C108E2D00A4D2E9 /* YWMineTableHeadView.h */ = {isa = PBXFileReference; fileEncoding = 4; lastKnownFileType = sourcecode.c.h; path = YWMineTableHeadView.h; sourceTree = "<group>"; };
		770EC2CA1C108E2D00A4D2E9 /* YWMineTableHeadView.m */ = {isa = PBXFileReference; fileEncoding = 4; lastKnownFileType = sourcecode.c.objc; path = YWMineTableHeadView.m; sourceTree = "<group>"; };
		770EC2CC1C109FE500A4D2E9 /* YWUserModel.h */ = {isa = PBXFileReference; fileEncoding = 4; lastKnownFileType = sourcecode.c.h; path = YWUserModel.h; sourceTree = "<group>"; };
		770EC2CD1C109FE500A4D2E9 /* YWUserModel.m */ = {isa = PBXFileReference; fileEncoding = 4; lastKnownFileType = sourcecode.c.objc; path = YWUserModel.m; sourceTree = "<group>"; };
		77D0F0371C110A7A00134A17 /* YWTrendsViewController.h */ = {isa = PBXFileReference; fileEncoding = 4; lastKnownFileType = sourcecode.c.h; path = YWTrendsViewController.h; sourceTree = "<group>"; };
		77D0F0381C110A7A00134A17 /* YWTrendsViewController.m */ = {isa = PBXFileReference; fileEncoding = 4; lastKnownFileType = sourcecode.c.objc; path = YWTrendsViewController.m; sourceTree = "<group>"; };
		77D0F03A1C110B3300134A17 /* YWFollowingViewController.h */ = {isa = PBXFileReference; fileEncoding = 4; lastKnownFileType = sourcecode.c.h; path = YWFollowingViewController.h; sourceTree = "<group>"; };
		77D0F03B1C110B3300134A17 /* YWFollowingViewController.m */ = {isa = PBXFileReference; fileEncoding = 4; lastKnownFileType = sourcecode.c.objc; path = YWFollowingViewController.m; sourceTree = "<group>"; };
		77D0F03F1C110BA600134A17 /* YWFollowingTableViewCell.h */ = {isa = PBXFileReference; fileEncoding = 4; lastKnownFileType = sourcecode.c.h; path = YWFollowingTableViewCell.h; sourceTree = "<group>"; };
		77D0F0401C110BA600134A17 /* YWFollowingTableViewCell.m */ = {isa = PBXFileReference; fileEncoding = 4; lastKnownFileType = sourcecode.c.objc; path = YWFollowingTableViewCell.m; sourceTree = "<group>"; };
		77D0F0C11C11B36100134A17 /* PrefixHeader.pch */ = {isa = PBXFileReference; fileEncoding = 4; lastKnownFileType = sourcecode.c.h; path = PrefixHeader.pch; sourceTree = "<group>"; };
		77D0F0C31C11B4F300134A17 /* YWCollectionViewController.h */ = {isa = PBXFileReference; fileEncoding = 4; lastKnownFileType = sourcecode.c.h; path = YWCollectionViewController.h; sourceTree = "<group>"; };
		77D0F0C41C11B4F300134A17 /* YWCollectionViewController.m */ = {isa = PBXFileReference; fileEncoding = 4; lastKnownFileType = sourcecode.c.objc; path = YWCollectionViewController.m; sourceTree = "<group>"; };
		77D0F0C81C11C19C00134A17 /* YWTrendsTableViewCell.h */ = {isa = PBXFileReference; fileEncoding = 4; lastKnownFileType = sourcecode.c.h; path = YWTrendsTableViewCell.h; sourceTree = "<group>"; };
		77D0F0C91C11C19C00134A17 /* YWTrendsTableViewCell.m */ = {isa = PBXFileReference; fileEncoding = 4; lastKnownFileType = sourcecode.c.objc; path = YWTrendsTableViewCell.m; sourceTree = "<group>"; };
		77D0F0CB1C11C1B200134A17 /* YWCollectionTableViewCell.h */ = {isa = PBXFileReference; fileEncoding = 4; lastKnownFileType = sourcecode.c.h; path = YWCollectionTableViewCell.h; sourceTree = "<group>"; };
		77D0F0CC1C11C1B200134A17 /* YWCollectionTableViewCell.m */ = {isa = PBXFileReference; fileEncoding = 4; lastKnownFileType = sourcecode.c.objc; path = YWCollectionTableViewCell.m; sourceTree = "<group>"; };
		77D0F0D41C11C39300134A17 /* YWATMeViewController.h */ = {isa = PBXFileReference; fileEncoding = 4; lastKnownFileType = sourcecode.c.h; path = YWATMeViewController.h; sourceTree = "<group>"; };
		77D0F0D51C11C39300134A17 /* YWATMeViewController.m */ = {isa = PBXFileReference; fileEncoding = 4; lastKnownFileType = sourcecode.c.objc; path = YWATMeViewController.m; sourceTree = "<group>"; };
		77D0F0D71C11C3AA00134A17 /* YWCommentViewController.h */ = {isa = PBXFileReference; fileEncoding = 4; lastKnownFileType = sourcecode.c.h; path = YWCommentViewController.h; sourceTree = "<group>"; };
		77D0F0D81C11C3AA00134A17 /* YWCommentViewController.m */ = {isa = PBXFileReference; fileEncoding = 4; lastKnownFileType = sourcecode.c.objc; path = YWCommentViewController.m; sourceTree = "<group>"; };
		77D0F0DA1C11C3C000134A17 /* YWSupportViewController.h */ = {isa = PBXFileReference; fileEncoding = 4; lastKnownFileType = sourcecode.c.h; path = YWSupportViewController.h; sourceTree = "<group>"; };
		77D0F0DB1C11C3C000134A17 /* YWSupportViewController.m */ = {isa = PBXFileReference; fileEncoding = 4; lastKnownFileType = sourcecode.c.objc; path = YWSupportViewController.m; sourceTree = "<group>"; };
		77D0F0DD1C11C3CE00134A17 /* YWMessageViewController.h */ = {isa = PBXFileReference; fileEncoding = 4; lastKnownFileType = sourcecode.c.h; path = YWMessageViewController.h; sourceTree = "<group>"; };
		77D0F0DE1C11C3CE00134A17 /* YWMessageViewController.m */ = {isa = PBXFileReference; fileEncoding = 4; lastKnownFileType = sourcecode.c.objc; path = YWMessageViewController.m; sourceTree = "<group>"; };
		77D0F0E01C11C3E400134A17 /* YWExperienceViewController.h */ = {isa = PBXFileReference; fileEncoding = 4; lastKnownFileType = sourcecode.c.h; path = YWExperienceViewController.h; sourceTree = "<group>"; };
		77D0F0E11C11C3E400134A17 /* YWExperienceViewController.m */ = {isa = PBXFileReference; fileEncoding = 4; lastKnownFileType = sourcecode.c.objc; path = YWExperienceViewController.m; sourceTree = "<group>"; };
		77D0F0E31C11C41F00134A17 /* YWDraftViewController.h */ = {isa = PBXFileReference; fileEncoding = 4; lastKnownFileType = sourcecode.c.h; path = YWDraftViewController.h; sourceTree = "<group>"; };
		77D0F0E41C11C41F00134A17 /* YWDraftViewController.m */ = {isa = PBXFileReference; fileEncoding = 4; lastKnownFileType = sourcecode.c.objc; path = YWDraftViewController.m; sourceTree = "<group>"; };
		77D0F0EC1C11C50A00134A17 /* YWATMeTableViewCell.h */ = {isa = PBXFileReference; fileEncoding = 4; lastKnownFileType = sourcecode.c.h; path = YWATMeTableViewCell.h; sourceTree = "<group>"; };
		77D0F0ED1C11C50A00134A17 /* YWATMeTableViewCell.m */ = {isa = PBXFileReference; fileEncoding = 4; lastKnownFileType = sourcecode.c.objc; path = YWATMeTableViewCell.m; sourceTree = "<group>"; };
		77D0F0EF1C11C52000134A17 /* YWCommentTableViewCell.h */ = {isa = PBXFileReference; fileEncoding = 4; lastKnownFileType = sourcecode.c.h; path = YWCommentTableViewCell.h; sourceTree = "<group>"; };
		77D0F0F01C11C52000134A17 /* YWCommentTableViewCell.m */ = {isa = PBXFileReference; fileEncoding = 4; lastKnownFileType = sourcecode.c.objc; path = YWCommentTableViewCell.m; sourceTree = "<group>"; };
		77D0F0F21C11C53700134A17 /* YWSupportTableViewCell.h */ = {isa = PBXFileReference; fileEncoding = 4; lastKnownFileType = sourcecode.c.h; path = YWSupportTableViewCell.h; sourceTree = "<group>"; };
		77D0F0F31C11C53700134A17 /* YWSupportTableViewCell.m */ = {isa = PBXFileReference; fileEncoding = 4; lastKnownFileType = sourcecode.c.objc; path = YWSupportTableViewCell.m; sourceTree = "<group>"; };
		77D0F0F51C11C55600134A17 /* YWDraftCollectionViewCell.h */ = {isa = PBXFileReference; fileEncoding = 4; lastKnownFileType = sourcecode.c.h; path = YWDraftCollectionViewCell.h; sourceTree = "<group>"; };
		77D0F0F61C11C55600134A17 /* YWDraftCollectionViewCell.m */ = {isa = PBXFileReference; fileEncoding = 4; lastKnownFileType = sourcecode.c.objc; path = YWDraftCollectionViewCell.m; sourceTree = "<group>"; };
		77D0F0F81C11C6D500134A17 /* YWExperienceTableViewCell.h */ = {isa = PBXFileReference; fileEncoding = 4; lastKnownFileType = sourcecode.c.h; path = YWExperienceTableViewCell.h; sourceTree = "<group>"; };
		77D0F0F91C11C6D500134A17 /* YWExperienceTableViewCell.m */ = {isa = PBXFileReference; fileEncoding = 4; lastKnownFileType = sourcecode.c.objc; path = YWExperienceTableViewCell.m; sourceTree = "<group>"; };
		77D0F0FB1C11C8D700134A17 /* YWChatRoomViewComtroller.h */ = {isa = PBXFileReference; fileEncoding = 4; lastKnownFileType = sourcecode.c.h; path = YWChatRoomViewComtroller.h; sourceTree = "<group>"; };
		77D0F0FC1C11C8D700134A17 /* YWChatRoomViewComtroller.m */ = {isa = PBXFileReference; fileEncoding = 4; lastKnownFileType = sourcecode.c.objc; path = YWChatRoomViewComtroller.m; sourceTree = "<group>"; };
		77D0F0FF1C11CABB00134A17 /* YWHttpManager.h */ = {isa = PBXFileReference; fileEncoding = 4; lastKnownFileType = sourcecode.c.h; path = YWHttpManager.h; sourceTree = "<group>"; };
		77D0F1001C11CABB00134A17 /* YWHttpManager.m */ = {isa = PBXFileReference; fileEncoding = 4; lastKnownFileType = sourcecode.c.objc; path = YWHttpManager.m; sourceTree = "<group>"; };
		77D0F1021C11CAC900134A17 /* YWParser.h */ = {isa = PBXFileReference; fileEncoding = 4; lastKnownFileType = sourcecode.c.h; path = YWParser.h; sourceTree = "<group>"; };
		77D0F1031C11CAC900134A17 /* YWParser.m */ = {isa = PBXFileReference; fileEncoding = 4; lastKnownFileType = sourcecode.c.objc; path = YWParser.m; sourceTree = "<group>"; };
		77D0F1051C11CCA400134A17 /* YWHttpGlobalDefine.h */ = {isa = PBXFileReference; fileEncoding = 4; lastKnownFileType = sourcecode.c.h; path = YWHttpGlobalDefine.h; sourceTree = "<group>"; };
		77D0F1071C11CEFB00134A17 /* YWSettingViewController.h */ = {isa = PBXFileReference; fileEncoding = 4; lastKnownFileType = sourcecode.c.h; path = YWSettingViewController.h; sourceTree = "<group>"; };
		77D0F1081C11CEFB00134A17 /* YWSettingViewController.m */ = {isa = PBXFileReference; fileEncoding = 4; lastKnownFileType = sourcecode.c.objc; path = YWSettingViewController.m; sourceTree = "<group>"; };
		77D0F10A1C11DC4B00134A17 /* YWHotDetailViewController.h */ = {isa = PBXFileReference; fileEncoding = 4; lastKnownFileType = sourcecode.c.h; path = YWHotDetailViewController.h; sourceTree = "<group>"; };
		77D0F10B1C11DC4B00134A17 /* YWHotDetailViewController.m */ = {isa = PBXFileReference; fileEncoding = 4; lastKnownFileType = sourcecode.c.objc; path = YWHotDetailViewController.m; sourceTree = "<group>"; };
		77D0F10D1C11E5B000134A17 /* YWTranscribeViewController.h */ = {isa = PBXFileReference; fileEncoding = 4; lastKnownFileType = sourcecode.c.h; path = YWTranscribeViewController.h; sourceTree = "<group>"; };
		77D0F10E1C11E5B000134A17 /* YWTranscribeViewController.m */ = {isa = PBXFileReference; fileEncoding = 4; lastKnownFileType = sourcecode.c.objc; path = YWTranscribeViewController.m; sourceTree = "<group>"; };
		8C97BF3F733B43EAC44E94D0 /* Pods.release.xcconfig */ = {isa = PBXFileReference; includeInIndex = 1; lastKnownFileType = text.xcconfig; name = Pods.release.xcconfig; path = "Pods/Target Support Files/Pods/Pods.release.xcconfig"; sourceTree = "<group>"; };
/* End PBXFileReference section */

/* Begin PBXFrameworksBuildPhase section */
		56FE99C31C0FBAB8007BA29B /* Frameworks */ = {
			isa = PBXFrameworksBuildPhase;
			buildActionMask = 2147483647;
			files = (
				CE3B21BB20DA61FA1F44DBA0 /* libPods.a in Frameworks */,
			);
			runOnlyForDeploymentPostprocessing = 0;
		};
		56FE99DC1C0FBAB8007BA29B /* Frameworks */ = {
			isa = PBXFrameworksBuildPhase;
			buildActionMask = 2147483647;
			files = (
			);
			runOnlyForDeploymentPostprocessing = 0;
		};
		56FE99E71C0FBAB8007BA29B /* Frameworks */ = {
			isa = PBXFrameworksBuildPhase;
			buildActionMask = 2147483647;
			files = (
			);
			runOnlyForDeploymentPostprocessing = 0;
		};
/* End PBXFrameworksBuildPhase section */

/* Begin PBXGroup section */
		35D327F6117DB799316CE1A1 /* Frameworks */ = {
			isa = PBXGroup;
			children = (
				1FBD5358C72CBD7E36FE23EC /* libPods.a */,
			);
			name = Frameworks;
			sourceTree = "<group>";
		};
		56F4AF191C125ED0008A6828 /* login */ = {
			isa = PBXGroup;
			children = (
				56F4AF1A1C125EE4008A6828 /* YWLoginViewController.h */,
				56F4AF1B1C125EE4008A6828 /* YWLoginViewController.m */,
				56F4AF1D1C12653F008A6828 /* YWRegisterViewController.h */,
				56F4AF1E1C12653F008A6828 /* YWRegisterViewController.m */,
				56F4AF201C126550008A6828 /* YWForgetPasswordViewController.h */,
				56F4AF211C126550008A6828 /* YWForgetPasswordViewController.m */,
			);
			name = login;
			sourceTree = "<group>";
		};
		56FE99BD1C0FBAB8007BA29B = {
			isa = PBXGroup;
			children = (
				56FE99C81C0FBAB8007BA29B /* ShowOn */,
				56FE99E21C0FBAB8007BA29B /* ShowOnTests */,
				56FE99ED1C0FBAB8007BA29B /* ShowOnUITests */,
				56FE99C71C0FBAB8007BA29B /* Products */,
				633C4F8F77FB0DA0579932AD /* Pods */,
				35D327F6117DB799316CE1A1 /* Frameworks */,
			);
			sourceTree = "<group>";
		};
		56FE99C71C0FBAB8007BA29B /* Products */ = {
			isa = PBXGroup;
			children = (
				56FE99C61C0FBAB8007BA29B /* ShowOn.app */,
				56FE99DF1C0FBAB8007BA29B /* ShowOnTests.xctest */,
				56FE99EA1C0FBAB8007BA29B /* ShowOnUITests.xctest */,
			);
			name = Products;
			sourceTree = "<group>";
		};
		56FE99C81C0FBAB8007BA29B /* ShowOn */ = {
			isa = PBXGroup;
			children = (
				77D0F0FE1C11CA9D00134A17 /* comman */,
				77D0F0421C110CFB00134A17 /* catogory */,
				56FE99CC1C0FBAB8007BA29B /* AppDelegate.h */,
				56FE99CD1C0FBAB8007BA29B /* AppDelegate.m */,
				56FE9A111C0FBCF2007BA29B /* YWNavigationController.h */,
				56FE9A121C0FBCF2007BA29B /* YWNavigationController.m */,
				770EC2C21C107AC600A4D2E9 /* YWBaseViewController.h */,
				770EC2C31C107AC600A4D2E9 /* YWBaseViewController.m */,
				56F4AF191C125ED0008A6828 /* login */,
				56FE99FC1C0FBAE8007BA29B /* home */,
				56FE99FD1C0FBAEF007BA29B /* movie */,
				56FE99FE1C0FBAF7007BA29B /* mine */,
				56FE99D51C0FBAB8007BA29B /* Assets.xcassets */,
				56FE99D71C0FBAB8007BA29B /* LaunchScreen.storyboard */,
				56FE99DA1C0FBAB8007BA29B /* Info.plist */,
				56FE9A241C0FCA4D007BA29B /* Header.h */,
				77D0F0C11C11B36100134A17 /* PrefixHeader.pch */,
				56FE99C91C0FBAB8007BA29B /* Supporting Files */,
			);
			path = ShowOn;
			sourceTree = "<group>";
		};
		56FE99C91C0FBAB8007BA29B /* Supporting Files */ = {
			isa = PBXGroup;
			children = (
				56FE99CA1C0FBAB8007BA29B /* main.m */,
			);
			name = "Supporting Files";
			sourceTree = "<group>";
		};
		56FE99E21C0FBAB8007BA29B /* ShowOnTests */ = {
			isa = PBXGroup;
			children = (
				56FE99E31C0FBAB8007BA29B /* ShowOnTests.m */,
				56FE99E51C0FBAB8007BA29B /* Info.plist */,
			);
			path = ShowOnTests;
			sourceTree = "<group>";
		};
		56FE99ED1C0FBAB8007BA29B /* ShowOnUITests */ = {
			isa = PBXGroup;
			children = (
				56FE99EE1C0FBAB8007BA29B /* ShowOnUITests.m */,
				56FE99F01C0FBAB8007BA29B /* Info.plist */,
			);
			path = ShowOnUITests;
			sourceTree = "<group>";
		};
		56FE99FC1C0FBAE8007BA29B /* home */ = {
			isa = PBXGroup;
			children = (
				56FE99FF1C0FBB14007BA29B /* viewcontroller */,
				56FE9A051C0FBB49007BA29B /* view */,
				56FE9A021C0FBB2D007BA29B /* model */,
			);
			name = home;
			sourceTree = "<group>";
		};
		56FE99FD1C0FBAEF007BA29B /* movie */ = {
			isa = PBXGroup;
			children = (
				56FE9A001C0FBB23007BA29B /* viewcontroller */,
				56FE9A061C0FBB54007BA29B /* view */,
				56FE9A031C0FBB3F007BA29B /* model */,
			);
			name = movie;
			sourceTree = "<group>";
		};
		56FE99FE1C0FBAF7007BA29B /* mine */ = {
			isa = PBXGroup;
			children = (
				56FE9A011C0FBB28007BA29B /* viewcontroller */,
				56FE9A071C0FBB59007BA29B /* view */,
				56FE9A041C0FBB45007BA29B /* model */,
			);
			name = mine;
			sourceTree = "<group>";
		};
		56FE99FF1C0FBB14007BA29B /* viewcontroller */ = {
			isa = PBXGroup;
			children = (
				56FE9A141C0FC18D007BA29B /* 热门 */,
				56FE9A151C0FC197007BA29B /* 模板 */,
				56FE9A161C0FC1AB007BA29B /* 关注 */,
				56FE9A081C0FBB86007BA29B /* YWHomeViewController.h */,
				56FE9A091C0FBB86007BA29B /* YWHomeViewController.m */,
			);
			name = viewcontroller;
			sourceTree = "<group>";
		};
		56FE9A001C0FBB23007BA29B /* viewcontroller */ = {
			isa = PBXGroup;
			children = (
				56FE9A0B1C0FBB95007BA29B /* YWMovieViewController.h */,
				56FE9A0C1C0FBB95007BA29B /* YWMovieViewController.m */,
				77D0F10D1C11E5B000134A17 /* YWTranscribeViewController.h */,
				77D0F10E1C11E5B000134A17 /* YWTranscribeViewController.m */,
			);
			name = viewcontroller;
			sourceTree = "<group>";
		};
		56FE9A011C0FBB28007BA29B /* viewcontroller */ = {
			isa = PBXGroup;
			children = (
				56FE9A0E1C0FBBA3007BA29B /* YWMineViewController.h */,
				56FE9A0F1C0FBBA3007BA29B /* YWMineViewController.m */,
				77D0F1061C11CED800134A17 /* setting */,
				77D0F0361C110A6200134A17 /* trends */,
				77D0F03D1C110B3A00134A17 /* focusOrFollow */,
				77D0F0C21C11B4D200134A17 /* collection */,
				77D0F0CE1C11C2A500134A17 /* @me */,
				77D0F0CF1C11C2BA00134A17 /* comment */,
				77D0F0D01C11C2C100134A17 /* support */,
				77D0F0D11C11C2D200134A17 /* message */,
				77D0F0D21C11C31B00134A17 /* experience */,
				77D0F0D31C11C32100134A17 /* draft */,
			);
			name = viewcontroller;
			sourceTree = "<group>";
		};
		56FE9A021C0FBB2D007BA29B /* model */ = {
			isa = PBXGroup;
			children = (
			);
			name = model;
			sourceTree = "<group>";
		};
		56FE9A031C0FBB3F007BA29B /* model */ = {
			isa = PBXGroup;
			children = (
			);
			name = model;
			sourceTree = "<group>";
		};
		56FE9A041C0FBB45007BA29B /* model */ = {
			isa = PBXGroup;
			children = (
				770EC2CC1C109FE500A4D2E9 /* YWUserModel.h */,
				770EC2CD1C109FE500A4D2E9 /* YWUserModel.m */,
			);
			name = model;
			sourceTree = "<group>";
		};
		56FE9A051C0FBB49007BA29B /* view */ = {
			isa = PBXGroup;
			children = (
				770EC2C81C108BF200A4D2E9 /* searchHeadView */,
				770EC2B91C10773300A4D2E9 /* hotCollectionViewCell */,
				770EC2BB1C1078A400A4D2E9 /* templateCollectionViewCell */,
				770EC2BA1C10788400A4D2E9 /* focusTableViewCell */,
				56FE9A201C0FC2A2007BA29B /* YWCustomSegView.h */,
				56FE9A211C0FC2A2007BA29B /* YWCustomSegView.m */,
			);
			name = view;
			sourceTree = "<group>";
		};
		56FE9A061C0FBB54007BA29B /* view */ = {
			isa = PBXGroup;
			children = (
			);
			name = view;
			sourceTree = "<group>";
		};
		56FE9A071C0FBB59007BA29B /* view */ = {
			isa = PBXGroup;
			children = (
				77D0F0C71C11C17B00134A17 /* trendsTableViewCell */,
				77D0F03E1C110B7400134A17 /* focusOrFollowTableViewCell */,
				77D0F0C61C11C16900134A17 /* collectionTableViewCell */,
				77D0F0EB1C11C48A00134A17 /* @meTabCell */,
				77D0F0EA1C11C48700134A17 /* commenTabCell */,
				77D0F0E91C11C48300134A17 /* supportTabCell */,
				77D0F0E81C11C47D00134A17 /* messageTabCell */,
				77D0F0E71C11C47800134A17 /* exprienceTabCell */,
				77D0F0E61C11C47200134A17 /* draftTabCell */,
				770EC2C91C108E2D00A4D2E9 /* YWMineTableHeadView.h */,
				770EC2CA1C108E2D00A4D2E9 /* YWMineTableHeadView.m */,
			);
			name = view;
			sourceTree = "<group>";
		};
		56FE9A141C0FC18D007BA29B /* 热门 */ = {
			isa = PBXGroup;
			children = (
				56FE9A1D1C0FC24D007BA29B /* YWHotViewController.h */,
				56FE9A1E1C0FC24D007BA29B /* YWHotViewController.m */,
				77D0F10A1C11DC4B00134A17 /* YWHotDetailViewController.h */,
				77D0F10B1C11DC4B00134A17 /* YWHotDetailViewController.m */,
			);
			name = "热门";
			sourceTree = "<group>";
		};
		56FE9A151C0FC197007BA29B /* 模板 */ = {
			isa = PBXGroup;
			children = (
				56FE9A171C0FC234007BA29B /* YWTemplateViewController.h */,
				56FE9A181C0FC234007BA29B /* YWTemplateViewController.m */,
			);
			name = "模板";
			sourceTree = "<group>";
		};
		56FE9A161C0FC1AB007BA29B /* 关注 */ = {
			isa = PBXGroup;
			children = (
				56FE9A1A1C0FC242007BA29B /* YWFocusViewController.h */,
				56FE9A1B1C0FC242007BA29B /* YWFocusViewController.m */,
			);
			name = "关注";
			sourceTree = "<group>";
		};
		633C4F8F77FB0DA0579932AD /* Pods */ = {
			isa = PBXGroup;
			children = (
				28C9BEA80C5B71E2D4466F42 /* Pods.debug.xcconfig */,
				8C97BF3F733B43EAC44E94D0 /* Pods.release.xcconfig */,
			);
			name = Pods;
			sourceTree = "<group>";
		};
		770EC2B91C10773300A4D2E9 /* hotCollectionViewCell */ = {
			isa = PBXGroup;
			children = (
				770EC2B61C10772600A4D2E9 /* YWHotCollectionViewCell.h */,
				770EC2B71C10772600A4D2E9 /* YWHotCollectionViewCell.m */,
			);
			name = hotCollectionViewCell;
			sourceTree = "<group>";
		};
		770EC2BA1C10788400A4D2E9 /* focusTableViewCell */ = {
			isa = PBXGroup;
			children = (
				770EC2BF1C10790000A4D2E9 /* YWFocusTableViewCell.h */,
				770EC2C01C10790000A4D2E9 /* YWFocusTableViewCell.m */,
			);
			name = focusTableViewCell;
			sourceTree = "<group>";
		};
		770EC2BB1C1078A400A4D2E9 /* templateCollectionViewCell */ = {
			isa = PBXGroup;
			children = (
				770EC2BC1C1078EC00A4D2E9 /* YWTemplateCollectionViewCell.h */,
				770EC2BD1C1078EC00A4D2E9 /* YWTemplateCollectionViewCell.m */,
			);
			name = templateCollectionViewCell;
			sourceTree = "<group>";
		};
		770EC2C81C108BF200A4D2E9 /* searchHeadView */ = {
			isa = PBXGroup;
			children = (
				770EC2C51C1088E100A4D2E9 /* YWSearchCollectionReusableView.h */,
				770EC2C61C1088E100A4D2E9 /* YWSearchCollectionReusableView.m */,
			);
			name = searchHeadView;
			sourceTree = "<group>";
		};
		77D0F0361C110A6200134A17 /* trends */ = {
			isa = PBXGroup;
			children = (
				77D0F0371C110A7A00134A17 /* YWTrendsViewController.h */,
				77D0F0381C110A7A00134A17 /* YWTrendsViewController.m */,
			);
			name = trends;
			sourceTree = "<group>";
		};
		77D0F03D1C110B3A00134A17 /* focusOrFollow */ = {
			isa = PBXGroup;
			children = (
				77D0F03A1C110B3300134A17 /* YWFollowingViewController.h */,
				77D0F03B1C110B3300134A17 /* YWFollowingViewController.m */,
			);
			name = focusOrFollow;
			sourceTree = "<group>";
		};
		77D0F03E1C110B7400134A17 /* focusOrFollowTableViewCell */ = {
			isa = PBXGroup;
			children = (
				77D0F03F1C110BA600134A17 /* YWFollowingTableViewCell.h */,
				77D0F0401C110BA600134A17 /* YWFollowingTableViewCell.m */,
			);
			name = focusOrFollowTableViewCell;
			sourceTree = "<group>";
		};
		77D0F0421C110CFB00134A17 /* catogory */ = {
			isa = PBXGroup;
			children = (
				56F4AF231C1279A1008A6828 /* NSString+isValidate.h */,
				56F4AF241C1279A1008A6828 /* NSString+isValidate.m */,
			);
			name = catogory;
			sourceTree = "<group>";
		};
		77D0F0C21C11B4D200134A17 /* collection */ = {
			isa = PBXGroup;
			children = (
				77D0F0C31C11B4F300134A17 /* YWCollectionViewController.h */,
				77D0F0C41C11B4F300134A17 /* YWCollectionViewController.m */,
			);
			name = collection;
			sourceTree = "<group>";
		};
		77D0F0C61C11C16900134A17 /* collectionTableViewCell */ = {
			isa = PBXGroup;
			children = (
				77D0F0CB1C11C1B200134A17 /* YWCollectionTableViewCell.h */,
				77D0F0CC1C11C1B200134A17 /* YWCollectionTableViewCell.m */,
			);
			name = collectionTableViewCell;
			sourceTree = "<group>";
		};
		77D0F0C71C11C17B00134A17 /* trendsTableViewCell */ = {
			isa = PBXGroup;
			children = (
				77D0F0C81C11C19C00134A17 /* YWTrendsTableViewCell.h */,
				77D0F0C91C11C19C00134A17 /* YWTrendsTableViewCell.m */,
			);
			name = trendsTableViewCell;
			sourceTree = "<group>";
		};
		77D0F0CE1C11C2A500134A17 /* @me */ = {
			isa = PBXGroup;
			children = (
				77D0F0D41C11C39300134A17 /* YWATMeViewController.h */,
				77D0F0D51C11C39300134A17 /* YWATMeViewController.m */,
			);
			name = "@me";
			sourceTree = "<group>";
		};
		77D0F0CF1C11C2BA00134A17 /* comment */ = {
			isa = PBXGroup;
			children = (
				77D0F0D71C11C3AA00134A17 /* YWCommentViewController.h */,
				77D0F0D81C11C3AA00134A17 /* YWCommentViewController.m */,
			);
			name = comment;
			sourceTree = "<group>";
		};
		77D0F0D01C11C2C100134A17 /* support */ = {
			isa = PBXGroup;
			children = (
				77D0F0DA1C11C3C000134A17 /* YWSupportViewController.h */,
				77D0F0DB1C11C3C000134A17 /* YWSupportViewController.m */,
			);
			name = support;
			sourceTree = "<group>";
		};
		77D0F0D11C11C2D200134A17 /* message */ = {
			isa = PBXGroup;
			children = (
				77D0F0DD1C11C3CE00134A17 /* YWMessageViewController.h */,
				77D0F0DE1C11C3CE00134A17 /* YWMessageViewController.m */,
				77D0F0FB1C11C8D700134A17 /* YWChatRoomViewComtroller.h */,
				77D0F0FC1C11C8D700134A17 /* YWChatRoomViewComtroller.m */,
			);
			name = message;
			sourceTree = "<group>";
		};
		77D0F0D21C11C31B00134A17 /* experience */ = {
			isa = PBXGroup;
			children = (
				77D0F0E01C11C3E400134A17 /* YWExperienceViewController.h */,
				77D0F0E11C11C3E400134A17 /* YWExperienceViewController.m */,
			);
			name = experience;
			sourceTree = "<group>";
		};
		77D0F0D31C11C32100134A17 /* draft */ = {
			isa = PBXGroup;
			children = (
				77D0F0E31C11C41F00134A17 /* YWDraftViewController.h */,
				77D0F0E41C11C41F00134A17 /* YWDraftViewController.m */,
			);
			name = draft;
			sourceTree = "<group>";
		};
		77D0F0E61C11C47200134A17 /* draftTabCell */ = {
			isa = PBXGroup;
			children = (
				77D0F0F51C11C55600134A17 /* YWDraftCollectionViewCell.h */,
				77D0F0F61C11C55600134A17 /* YWDraftCollectionViewCell.m */,
			);
			name = draftTabCell;
			sourceTree = "<group>";
		};
		77D0F0E71C11C47800134A17 /* exprienceTabCell */ = {
			isa = PBXGroup;
			children = (
				77D0F0F81C11C6D500134A17 /* YWExperienceTableViewCell.h */,
				77D0F0F91C11C6D500134A17 /* YWExperienceTableViewCell.m */,
			);
			name = exprienceTabCell;
			sourceTree = "<group>";
		};
		77D0F0E81C11C47D00134A17 /* messageTabCell */ = {
			isa = PBXGroup;
			children = (
			);
			name = messageTabCell;
			sourceTree = "<group>";
		};
		77D0F0E91C11C48300134A17 /* supportTabCell */ = {
			isa = PBXGroup;
			children = (
				77D0F0F21C11C53700134A17 /* YWSupportTableViewCell.h */,
				77D0F0F31C11C53700134A17 /* YWSupportTableViewCell.m */,
			);
			name = supportTabCell;
			sourceTree = "<group>";
		};
		77D0F0EA1C11C48700134A17 /* commenTabCell */ = {
			isa = PBXGroup;
			children = (
				77D0F0EF1C11C52000134A17 /* YWCommentTableViewCell.h */,
				77D0F0F01C11C52000134A17 /* YWCommentTableViewCell.m */,
			);
			name = commenTabCell;
			sourceTree = "<group>";
		};
		77D0F0EB1C11C48A00134A17 /* @meTabCell */ = {
			isa = PBXGroup;
			children = (
				77D0F0EC1C11C50A00134A17 /* YWATMeTableViewCell.h */,
				77D0F0ED1C11C50A00134A17 /* YWATMeTableViewCell.m */,
			);
			name = "@meTabCell";
			sourceTree = "<group>";
		};
		77D0F0FE1C11CA9D00134A17 /* comman */ = {
			isa = PBXGroup;
			children = (
				77D0F1051C11CCA400134A17 /* YWHttpGlobalDefine.h */,
				77D0F0FF1C11CABB00134A17 /* YWHttpManager.h */,
				77D0F1001C11CABB00134A17 /* YWHttpManager.m */,
				77D0F1021C11CAC900134A17 /* YWParser.h */,
				77D0F1031C11CAC900134A17 /* YWParser.m */,
			);
			name = comman;
			sourceTree = "<group>";
		};
		77D0F1061C11CED800134A17 /* setting */ = {
			isa = PBXGroup;
			children = (
				77D0F1071C11CEFB00134A17 /* YWSettingViewController.h */,
				77D0F1081C11CEFB00134A17 /* YWSettingViewController.m */,
			);
			name = setting;
			sourceTree = "<group>";
		};
/* End PBXGroup section */

/* Begin PBXNativeTarget section */
		56FE99C51C0FBAB8007BA29B /* ShowOn */ = {
			isa = PBXNativeTarget;
			buildConfigurationList = 56FE99F31C0FBAB8007BA29B /* Build configuration list for PBXNativeTarget "ShowOn" */;
			buildPhases = (
				598D0C6AE477D0E55E48CD0D /* Check Pods Manifest.lock */,
				56FE99C21C0FBAB8007BA29B /* Sources */,
				56FE99C31C0FBAB8007BA29B /* Frameworks */,
				56FE99C41C0FBAB8007BA29B /* Resources */,
				38DE3500F76BB2B4A3E5C4DD /* Copy Pods Resources */,
			);
			buildRules = (
			);
			dependencies = (
			);
			name = ShowOn;
			productName = ShowOn;
			productReference = 56FE99C61C0FBAB8007BA29B /* ShowOn.app */;
			productType = "com.apple.product-type.application";
		};
		56FE99DE1C0FBAB8007BA29B /* ShowOnTests */ = {
			isa = PBXNativeTarget;
			buildConfigurationList = 56FE99F61C0FBAB8007BA29B /* Build configuration list for PBXNativeTarget "ShowOnTests" */;
			buildPhases = (
				56FE99DB1C0FBAB8007BA29B /* Sources */,
				56FE99DC1C0FBAB8007BA29B /* Frameworks */,
				56FE99DD1C0FBAB8007BA29B /* Resources */,
			);
			buildRules = (
			);
			dependencies = (
				56FE99E11C0FBAB8007BA29B /* PBXTargetDependency */,
			);
			name = ShowOnTests;
			productName = ShowOnTests;
			productReference = 56FE99DF1C0FBAB8007BA29B /* ShowOnTests.xctest */;
			productType = "com.apple.product-type.bundle.unit-test";
		};
		56FE99E91C0FBAB8007BA29B /* ShowOnUITests */ = {
			isa = PBXNativeTarget;
			buildConfigurationList = 56FE99F91C0FBAB8007BA29B /* Build configuration list for PBXNativeTarget "ShowOnUITests" */;
			buildPhases = (
				56FE99E61C0FBAB8007BA29B /* Sources */,
				56FE99E71C0FBAB8007BA29B /* Frameworks */,
				56FE99E81C0FBAB8007BA29B /* Resources */,
			);
			buildRules = (
			);
			dependencies = (
				56FE99EC1C0FBAB8007BA29B /* PBXTargetDependency */,
			);
			name = ShowOnUITests;
			productName = ShowOnUITests;
			productReference = 56FE99EA1C0FBAB8007BA29B /* ShowOnUITests.xctest */;
			productType = "com.apple.product-type.bundle.ui-testing";
		};
/* End PBXNativeTarget section */

/* Begin PBXProject section */
		56FE99BE1C0FBAB8007BA29B /* Project object */ = {
			isa = PBXProject;
			attributes = {
				LastUpgradeCheck = 0710;
				ORGANIZATIONNAME = yanwei;
				TargetAttributes = {
					56FE99C51C0FBAB8007BA29B = {
						CreatedOnToolsVersion = 7.1.1;
					};
					56FE99DE1C0FBAB8007BA29B = {
						CreatedOnToolsVersion = 7.1.1;
						TestTargetID = 56FE99C51C0FBAB8007BA29B;
					};
					56FE99E91C0FBAB8007BA29B = {
						CreatedOnToolsVersion = 7.1.1;
						TestTargetID = 56FE99C51C0FBAB8007BA29B;
					};
				};
			};
			buildConfigurationList = 56FE99C11C0FBAB8007BA29B /* Build configuration list for PBXProject "ShowOn" */;
			compatibilityVersion = "Xcode 3.2";
			developmentRegion = English;
			hasScannedForEncodings = 0;
			knownRegions = (
				en,
				Base,
			);
			mainGroup = 56FE99BD1C0FBAB8007BA29B;
			productRefGroup = 56FE99C71C0FBAB8007BA29B /* Products */;
			projectDirPath = "";
			projectRoot = "";
			targets = (
				56FE99C51C0FBAB8007BA29B /* ShowOn */,
				56FE99DE1C0FBAB8007BA29B /* ShowOnTests */,
				56FE99E91C0FBAB8007BA29B /* ShowOnUITests */,
			);
		};
/* End PBXProject section */

/* Begin PBXResourcesBuildPhase section */
		56FE99C41C0FBAB8007BA29B /* Resources */ = {
			isa = PBXResourcesBuildPhase;
			buildActionMask = 2147483647;
			files = (
				56FE99D91C0FBAB8007BA29B /* LaunchScreen.storyboard in Resources */,
				56FE99D61C0FBAB8007BA29B /* Assets.xcassets in Resources */,
			);
			runOnlyForDeploymentPostprocessing = 0;
		};
		56FE99DD1C0FBAB8007BA29B /* Resources */ = {
			isa = PBXResourcesBuildPhase;
			buildActionMask = 2147483647;
			files = (
			);
			runOnlyForDeploymentPostprocessing = 0;
		};
		56FE99E81C0FBAB8007BA29B /* Resources */ = {
			isa = PBXResourcesBuildPhase;
			buildActionMask = 2147483647;
			files = (
			);
			runOnlyForDeploymentPostprocessing = 0;
		};
/* End PBXResourcesBuildPhase section */

/* Begin PBXShellScriptBuildPhase section */
		38DE3500F76BB2B4A3E5C4DD /* Copy Pods Resources */ = {
			isa = PBXShellScriptBuildPhase;
			buildActionMask = 2147483647;
			files = (
			);
			inputPaths = (
			);
			name = "Copy Pods Resources";
			outputPaths = (
			);
			runOnlyForDeploymentPostprocessing = 0;
			shellPath = /bin/sh;
			shellScript = "\"${SRCROOT}/Pods/Target Support Files/Pods/Pods-resources.sh\"\n";
			showEnvVarsInLog = 0;
		};
		598D0C6AE477D0E55E48CD0D /* Check Pods Manifest.lock */ = {
			isa = PBXShellScriptBuildPhase;
			buildActionMask = 2147483647;
			files = (
			);
			inputPaths = (
			);
			name = "Check Pods Manifest.lock";
			outputPaths = (
			);
			runOnlyForDeploymentPostprocessing = 0;
			shellPath = /bin/sh;
			shellScript = "diff \"${PODS_ROOT}/../Podfile.lock\" \"${PODS_ROOT}/Manifest.lock\" > /dev/null\nif [[ $? != 0 ]] ; then\n    cat << EOM\nerror: The sandbox is not in sync with the Podfile.lock. Run 'pod install' or update your CocoaPods installation.\nEOM\n    exit 1\nfi\n";
			showEnvVarsInLog = 0;
		};
/* End PBXShellScriptBuildPhase section */

/* Begin PBXSourcesBuildPhase section */
		56FE99C21C0FBAB8007BA29B /* Sources */ = {
			isa = PBXSourcesBuildPhase;
			buildActionMask = 2147483647;
			files = (
				56FE99CE1C0FBAB8007BA29B /* AppDelegate.m in Sources */,
				77D0F1011C11CABB00134A17 /* YWHttpManager.m in Sources */,
				56FE9A1C1C0FC242007BA29B /* YWFocusViewController.m in Sources */,
				770EC2C71C1088E100A4D2E9 /* YWSearchCollectionReusableView.m in Sources */,
				77D0F0FA1C11C6D500134A17 /* YWExperienceTableViewCell.m in Sources */,
				77D0F0F41C11C53700134A17 /* YWSupportTableViewCell.m in Sources */,
				770EC2B81C10772600A4D2E9 /* YWHotCollectionViewCell.m in Sources */,
				56FE9A131C0FBCF2007BA29B /* YWNavigationController.m in Sources */,
				770EC2C11C10790000A4D2E9 /* YWFocusTableViewCell.m in Sources */,
				56FE9A1F1C0FC24D007BA29B /* YWHotViewController.m in Sources */,
				56FE9A0D1C0FBB95007BA29B /* YWMovieViewController.m in Sources */,
				77D0F0F71C11C55600134A17 /* YWDraftCollectionViewCell.m in Sources */,
				77D0F0E51C11C41F00134A17 /* YWDraftViewController.m in Sources */,
				77D0F0CD1C11C1B200134A17 /* YWCollectionTableViewCell.m in Sources */,
				56F4AF1C1C125EE4008A6828 /* YWLoginViewController.m in Sources */,
				770EC2C41C107AC600A4D2E9 /* YWBaseViewController.m in Sources */,
				77D0F0F11C11C52000134A17 /* YWCommentTableViewCell.m in Sources */,
				56F4AF251C1279A1008A6828 /* NSString+isValidate.m in Sources */,
				56FE99CB1C0FBAB8007BA29B /* main.m in Sources */,
				77D0F03C1C110B3300134A17 /* YWFollowingViewController.m in Sources */,
				56FE9A101C0FBBA3007BA29B /* YWMineViewController.m in Sources */,
				770EC2BE1C1078EC00A4D2E9 /* YWTemplateCollectionViewCell.m in Sources */,
				77D0F0CA1C11C19C00134A17 /* YWTrendsTableViewCell.m in Sources */,
				77D0F0D61C11C39300134A17 /* YWATMeViewController.m in Sources */,
				77D0F0DC1C11C3C000134A17 /* YWSupportViewController.m in Sources */,
				77D0F0EE1C11C50A00134A17 /* YWATMeTableViewCell.m in Sources */,
				77D0F0411C110BA600134A17 /* YWFollowingTableViewCell.m in Sources */,
				56FE9A191C0FC234007BA29B /* YWTemplateViewController.m in Sources */,
				56FE9A0A1C0FBB86007BA29B /* YWHomeViewController.m in Sources */,
				77D0F0D91C11C3AA00134A17 /* YWCommentViewController.m in Sources */,
				77D0F10C1C11DC4B00134A17 /* YWHotDetailViewController.m in Sources */,
				770EC2CE1C109FE500A4D2E9 /* YWUserModel.m in Sources */,
				56F4AF1F1C12653F008A6828 /* YWRegisterViewController.m in Sources */,
				770EC2CB1C108E2D00A4D2E9 /* YWMineTableHeadView.m in Sources */,
				77D0F0FD1C11C8D700134A17 /* YWChatRoomViewComtroller.m in Sources */,
				77D0F1091C11CEFB00134A17 /* YWSettingViewController.m in Sources */,
				77D0F0391C110A7A00134A17 /* YWTrendsViewController.m in Sources */,
				77D0F0C51C11B4F300134A17 /* YWCollectionViewController.m in Sources */,
				56F4AF221C126550008A6828 /* YWForgetPasswordViewController.m in Sources */,
				77D0F10F1C11E5B000134A17 /* YWTranscribeViewController.m in Sources */,
				77D0F1041C11CAC900134A17 /* YWParser.m in Sources */,
				77D0F0DF1C11C3CE00134A17 /* YWMessageViewController.m in Sources */,
				56FE9A221C0FC2A2007BA29B /* YWCustomSegView.m in Sources */,
				77D0F0E21C11C3E400134A17 /* YWExperienceViewController.m in Sources */,
			);
			runOnlyForDeploymentPostprocessing = 0;
		};
		56FE99DB1C0FBAB8007BA29B /* Sources */ = {
			isa = PBXSourcesBuildPhase;
			buildActionMask = 2147483647;
			files = (
				56FE99E41C0FBAB8007BA29B /* ShowOnTests.m in Sources */,
			);
			runOnlyForDeploymentPostprocessing = 0;
		};
		56FE99E61C0FBAB8007BA29B /* Sources */ = {
			isa = PBXSourcesBuildPhase;
			buildActionMask = 2147483647;
			files = (
				56FE99EF1C0FBAB8007BA29B /* ShowOnUITests.m in Sources */,
			);
			runOnlyForDeploymentPostprocessing = 0;
		};
/* End PBXSourcesBuildPhase section */

/* Begin PBXTargetDependency section */
		56FE99E11C0FBAB8007BA29B /* PBXTargetDependency */ = {
			isa = PBXTargetDependency;
			target = 56FE99C51C0FBAB8007BA29B /* ShowOn */;
			targetProxy = 56FE99E01C0FBAB8007BA29B /* PBXContainerItemProxy */;
		};
		56FE99EC1C0FBAB8007BA29B /* PBXTargetDependency */ = {
			isa = PBXTargetDependency;
			target = 56FE99C51C0FBAB8007BA29B /* ShowOn */;
			targetProxy = 56FE99EB1C0FBAB8007BA29B /* PBXContainerItemProxy */;
		};
/* End PBXTargetDependency section */

/* Begin PBXVariantGroup section */
		56FE99D71C0FBAB8007BA29B /* LaunchScreen.storyboard */ = {
			isa = PBXVariantGroup;
			children = (
				56FE99D81C0FBAB8007BA29B /* Base */,
			);
			name = LaunchScreen.storyboard;
			sourceTree = "<group>";
		};
/* End PBXVariantGroup section */

/* Begin XCBuildConfiguration section */
		56FE99F11C0FBAB8007BA29B /* Debug */ = {
			isa = XCBuildConfiguration;
			buildSettings = {
				ALWAYS_SEARCH_USER_PATHS = NO;
				CLANG_CXX_LANGUAGE_STANDARD = "gnu++0x";
				CLANG_CXX_LIBRARY = "libc++";
				CLANG_ENABLE_MODULES = YES;
				CLANG_ENABLE_OBJC_ARC = YES;
				CLANG_WARN_BOOL_CONVERSION = YES;
				CLANG_WARN_CONSTANT_CONVERSION = YES;
				CLANG_WARN_DIRECT_OBJC_ISA_USAGE = YES_ERROR;
				CLANG_WARN_EMPTY_BODY = YES;
				CLANG_WARN_ENUM_CONVERSION = YES;
				CLANG_WARN_INT_CONVERSION = YES;
				CLANG_WARN_OBJC_ROOT_CLASS = YES_ERROR;
				CLANG_WARN_UNREACHABLE_CODE = YES;
				CLANG_WARN__DUPLICATE_METHOD_MATCH = YES;
				"CODE_SIGN_IDENTITY[sdk=iphoneos*]" = "iPhone Developer";
				COPY_PHASE_STRIP = NO;
				DEBUG_INFORMATION_FORMAT = dwarf;
				ENABLE_STRICT_OBJC_MSGSEND = YES;
				ENABLE_TESTABILITY = YES;
				GCC_C_LANGUAGE_STANDARD = gnu99;
				GCC_DYNAMIC_NO_PIC = NO;
				GCC_NO_COMMON_BLOCKS = YES;
				GCC_OPTIMIZATION_LEVEL = 0;
				GCC_PREPROCESSOR_DEFINITIONS = (
					"DEBUG=1",
					"$(inherited)",
				);
				GCC_WARN_64_TO_32_BIT_CONVERSION = YES;
				GCC_WARN_ABOUT_RETURN_TYPE = YES_ERROR;
				GCC_WARN_UNDECLARED_SELECTOR = YES;
				GCC_WARN_UNINITIALIZED_AUTOS = YES_AGGRESSIVE;
				GCC_WARN_UNUSED_FUNCTION = YES;
				GCC_WARN_UNUSED_VARIABLE = YES;
				IPHONEOS_DEPLOYMENT_TARGET = 9.1;
				MTL_ENABLE_DEBUG_INFO = YES;
				ONLY_ACTIVE_ARCH = YES;
				SDKROOT = iphoneos;
				TARGETED_DEVICE_FAMILY = "1,2";
			};
			name = Debug;
		};
		56FE99F21C0FBAB8007BA29B /* Release */ = {
			isa = XCBuildConfiguration;
			buildSettings = {
				ALWAYS_SEARCH_USER_PATHS = NO;
				CLANG_CXX_LANGUAGE_STANDARD = "gnu++0x";
				CLANG_CXX_LIBRARY = "libc++";
				CLANG_ENABLE_MODULES = YES;
				CLANG_ENABLE_OBJC_ARC = YES;
				CLANG_WARN_BOOL_CONVERSION = YES;
				CLANG_WARN_CONSTANT_CONVERSION = YES;
				CLANG_WARN_DIRECT_OBJC_ISA_USAGE = YES_ERROR;
				CLANG_WARN_EMPTY_BODY = YES;
				CLANG_WARN_ENUM_CONVERSION = YES;
				CLANG_WARN_INT_CONVERSION = YES;
				CLANG_WARN_OBJC_ROOT_CLASS = YES_ERROR;
				CLANG_WARN_UNREACHABLE_CODE = YES;
				CLANG_WARN__DUPLICATE_METHOD_MATCH = YES;
				"CODE_SIGN_IDENTITY[sdk=iphoneos*]" = "iPhone Developer";
				COPY_PHASE_STRIP = NO;
				DEBUG_INFORMATION_FORMAT = "dwarf-with-dsym";
				ENABLE_NS_ASSERTIONS = NO;
				ENABLE_STRICT_OBJC_MSGSEND = YES;
				GCC_C_LANGUAGE_STANDARD = gnu99;
				GCC_NO_COMMON_BLOCKS = YES;
				GCC_WARN_64_TO_32_BIT_CONVERSION = YES;
				GCC_WARN_ABOUT_RETURN_TYPE = YES_ERROR;
				GCC_WARN_UNDECLARED_SELECTOR = YES;
				GCC_WARN_UNINITIALIZED_AUTOS = YES_AGGRESSIVE;
				GCC_WARN_UNUSED_FUNCTION = YES;
				GCC_WARN_UNUSED_VARIABLE = YES;
				IPHONEOS_DEPLOYMENT_TARGET = 9.1;
				MTL_ENABLE_DEBUG_INFO = NO;
				SDKROOT = iphoneos;
				TARGETED_DEVICE_FAMILY = "1,2";
				VALIDATE_PRODUCT = YES;
			};
			name = Release;
		};
		56FE99F41C0FBAB8007BA29B /* Debug */ = {
			isa = XCBuildConfiguration;
			baseConfigurationReference = 28C9BEA80C5B71E2D4466F42 /* Pods.debug.xcconfig */;
			buildSettings = {
				ASSETCATALOG_COMPILER_APPICON_NAME = AppIcon;
				GCC_PREFIX_HEADER = "$(SRCROOT)/ShowOn/PrefixHeader.pch";
				INFOPLIST_FILE = ShowOn/Info.plist;
				IPHONEOS_DEPLOYMENT_TARGET = 7.0;
				LD_RUNPATH_SEARCH_PATHS = "$(inherited) @executable_path/Frameworks";
				PRODUCT_BUNDLE_IDENTIFIER = com.qunongzhuang.ShowOn;
				PRODUCT_NAME = "$(TARGET_NAME)";
			};
			name = Debug;
		};
		56FE99F51C0FBAB8007BA29B /* Release */ = {
			isa = XCBuildConfiguration;
			baseConfigurationReference = 8C97BF3F733B43EAC44E94D0 /* Pods.release.xcconfig */;
			buildSettings = {
				ASSETCATALOG_COMPILER_APPICON_NAME = AppIcon;
				GCC_PREFIX_HEADER = "$(SRCROOT)/ShowOn/PrefixHeader.pch";
				INFOPLIST_FILE = ShowOn/Info.plist;
				IPHONEOS_DEPLOYMENT_TARGET = 7.0;
				LD_RUNPATH_SEARCH_PATHS = "$(inherited) @executable_path/Frameworks";
				PRODUCT_BUNDLE_IDENTIFIER = com.qunongzhuang.ShowOn;
				PRODUCT_NAME = "$(TARGET_NAME)";
			};
			name = Release;
		};
		56FE99F71C0FBAB8007BA29B /* Debug */ = {
			isa = XCBuildConfiguration;
			buildSettings = {
				BUNDLE_LOADER = "$(TEST_HOST)";
				INFOPLIST_FILE = ShowOnTests/Info.plist;
				LD_RUNPATH_SEARCH_PATHS = "$(inherited) @executable_path/Frameworks @loader_path/Frameworks";
				PRODUCT_BUNDLE_IDENTIFIER = com.qunongzhuang.ShowOnTests;
				PRODUCT_NAME = "$(TARGET_NAME)";
				TEST_HOST = "$(BUILT_PRODUCTS_DIR)/ShowOn.app/ShowOn";
			};
			name = Debug;
		};
		56FE99F81C0FBAB8007BA29B /* Release */ = {
			isa = XCBuildConfiguration;
			buildSettings = {
				BUNDLE_LOADER = "$(TEST_HOST)";
				INFOPLIST_FILE = ShowOnTests/Info.plist;
				LD_RUNPATH_SEARCH_PATHS = "$(inherited) @executable_path/Frameworks @loader_path/Frameworks";
				PRODUCT_BUNDLE_IDENTIFIER = com.qunongzhuang.ShowOnTests;
				PRODUCT_NAME = "$(TARGET_NAME)";
				TEST_HOST = "$(BUILT_PRODUCTS_DIR)/ShowOn.app/ShowOn";
			};
			name = Release;
		};
		56FE99FA1C0FBAB8007BA29B /* Debug */ = {
			isa = XCBuildConfiguration;
			buildSettings = {
				INFOPLIST_FILE = ShowOnUITests/Info.plist;
				LD_RUNPATH_SEARCH_PATHS = "$(inherited) @executable_path/Frameworks @loader_path/Frameworks";
				PRODUCT_BUNDLE_IDENTIFIER = com.qunongzhuang.ShowOnUITests;
				PRODUCT_NAME = "$(TARGET_NAME)";
				TEST_TARGET_NAME = ShowOn;
				USES_XCTRUNNER = YES;
			};
			name = Debug;
		};
		56FE99FB1C0FBAB8007BA29B /* Release */ = {
			isa = XCBuildConfiguration;
			buildSettings = {
				INFOPLIST_FILE = ShowOnUITests/Info.plist;
				LD_RUNPATH_SEARCH_PATHS = "$(inherited) @executable_path/Frameworks @loader_path/Frameworks";
				PRODUCT_BUNDLE_IDENTIFIER = com.qunongzhuang.ShowOnUITests;
				PRODUCT_NAME = "$(TARGET_NAME)";
				TEST_TARGET_NAME = ShowOn;
				USES_XCTRUNNER = YES;
			};
			name = Release;
		};
/* End XCBuildConfiguration section */

/* Begin XCConfigurationList section */
		56FE99C11C0FBAB8007BA29B /* Build configuration list for PBXProject "ShowOn" */ = {
			isa = XCConfigurationList;
			buildConfigurations = (
				56FE99F11C0FBAB8007BA29B /* Debug */,
				56FE99F21C0FBAB8007BA29B /* Release */,
			);
			defaultConfigurationIsVisible = 0;
			defaultConfigurationName = Release;
		};
		56FE99F31C0FBAB8007BA29B /* Build configuration list for PBXNativeTarget "ShowOn" */ = {
			isa = XCConfigurationList;
			buildConfigurations = (
				56FE99F41C0FBAB8007BA29B /* Debug */,
				56FE99F51C0FBAB8007BA29B /* Release */,
			);
			defaultConfigurationIsVisible = 0;
			defaultConfigurationName = Release;
		};
		56FE99F61C0FBAB8007BA29B /* Build configuration list for PBXNativeTarget "ShowOnTests" */ = {
			isa = XCConfigurationList;
			buildConfigurations = (
				56FE99F71C0FBAB8007BA29B /* Debug */,
				56FE99F81C0FBAB8007BA29B /* Release */,
			);
			defaultConfigurationIsVisible = 0;
			defaultConfigurationName = Release;
		};
		56FE99F91C0FBAB8007BA29B /* Build configuration list for PBXNativeTarget "ShowOnUITests" */ = {
			isa = XCConfigurationList;
			buildConfigurations = (
				56FE99FA1C0FBAB8007BA29B /* Debug */,
				56FE99FB1C0FBAB8007BA29B /* Release */,
			);
			defaultConfigurationIsVisible = 0;
			defaultConfigurationName = Release;
		};
/* End XCConfigurationList section */
	};
	rootObject = 56FE99BE1C0FBAB8007BA29B /* Project object */;
}
